
Microsoft Visual Studio Solution File, Format Version 12.00
# Visual Studio Version 16
VisualStudioVersion = 16.0.31624.102
MinimumVisualStudioVersion = 10.0.40219.1
Project("{FAE04EC0-301F-11D3-BF4B-00C04F79EFBC}") = "MENU_API_2.0", "MENU_API_2.0\MENU_API_2.0.csproj", "{3AC098CF-20FA-4171-A6E8-ABF11823F616}"
EndProject
Global
	GlobalSection(SolutionConfigurationPlatforms) = preSolution
		Debug|Any CPU = Debug|Any CPU
		Release|Any CPU = Release|Any CPU
	EndGlobalSection
	GlobalSection(ProjectConfigurationPlatforms) = postSolution
		{3AC098CF-20FA-4171-A6E8-ABF11823F616}.Debug|Any CPU.ActiveCfg = Debug|Any CPU
		{3AC098CF-20FA-4171-A6E8-ABF11823F616}.Debug|Any CPU.Build.0 = Debug|Any CPU
		{3AC098CF-20FA-4171-A6E8-ABF11823F616}.Release|Any CPU.ActiveCfg = Release|Any CPU
		{3AC098CF-20FA-4171-A6E8-ABF11823F616}.Release|Any CPU.Build.0 = Release|Any CPU
	EndGlobalSection
	GlobalSection(SolutionProperties) = preSolution
		HideSolutionNode = FALSE
	EndGlobalSection
	GlobalSection(ExtensibilityGlobals) = postSolution
		SolutionGuid = {A2999883-8F6B-4845-A323-9F7F13465D63}
	EndGlobalSection
EndGlobal
